// !$*UTF8*$!
{
	archiveVersion = 1;
	classes = {
	};
	objectVersion = 50;
	objects = {

/* Begin PBXBuildFile section */
		817C1070A7216B37CB427C1F /* libPods-HelloReactNativeApp.a in Frameworks */ = {isa = PBXBuildFile; fileRef = 2EBF8EC274399363F9C7C72D /* libPods-HelloReactNativeApp.a */; };
		EFEB4FAD231834A900785920 /* AppDelegate.m in Sources */ = {isa = PBXBuildFile; fileRef = EFEB4FAC231834A900785920 /* AppDelegate.m */; };
		EFEB4FB0231834A900785920 /* ViewController.m in Sources */ = {isa = PBXBuildFile; fileRef = EFEB4FAF231834A900785920 /* ViewController.m */; };
		EFEB4FB3231834A900785920 /* Main.storyboard in Resources */ = {isa = PBXBuildFile; fileRef = EFEB4FB1231834A900785920 /* Main.storyboard */; };
		EFEB4FB5231834AB00785920 /* Assets.xcassets in Resources */ = {isa = PBXBuildFile; fileRef = EFEB4FB4231834AB00785920 /* Assets.xcassets */; };
		EFEB4FB8231834AB00785920 /* LaunchScreen.storyboard in Resources */ = {isa = PBXBuildFile; fileRef = EFEB4FB6231834AB00785920 /* LaunchScreen.storyboard */; };
		EFEB4FBB231834AB00785920 /* main.m in Sources */ = {isa = PBXBuildFile; fileRef = EFEB4FBA231834AB00785920 /* main.m */; };
		EFEB4FC5231834AB00785920 /* HelloReactNativeAppTests.m in Sources */ = {isa = PBXBuildFile; fileRef = EFEB4FC4231834AB00785920 /* HelloReactNativeAppTests.m */; };
		EFEB4FD0231834AB00785920 /* HelloReactNativeAppUITests.m in Sources */ = {isa = PBXBuildFile; fileRef = EFEB4FCF231834AB00785920 /* HelloReactNativeAppUITests.m */; };
/* End PBXBuildFile section */

/* Begin PBXContainerItemProxy section */
		EFEB4FC1231834AB00785920 /* PBXContainerItemProxy */ = {
			isa = PBXContainerItemProxy;
			containerPortal = EFEB4FA0231834A900785920 /* Project object */;
			proxyType = 1;
			remoteGlobalIDString = EFEB4FA7231834A900785920;
			remoteInfo = HelloReactNativeApp;
		};
		EFEB4FCC231834AB00785920 /* PBXContainerItemProxy */ = {
			isa = PBXContainerItemProxy;
			containerPortal = EFEB4FA0231834A900785920 /* Project object */;
			proxyType = 1;
			remoteGlobalIDString = EFEB4FA7231834A900785920;
			remoteInfo = HelloReactNativeApp;
		};
/* End PBXContainerItemProxy section */

/* Begin PBXFileReference section */
		2EBF8EC274399363F9C7C72D /* libPods-HelloReactNativeApp.a */ = {isa = PBXFileReference; explicitFileType = archive.ar; includeInIndex = 0; path = "libPods-HelloReactNativeApp.a"; sourceTree = BUILT_PRODUCTS_DIR; };
		94C25E9E7C49C1253F3124E5 /* Pods-HelloReactNativeApp.debug.xcconfig */ = {isa = PBXFileReference; includeInIndex = 1; lastKnownFileType = text.xcconfig; name = "Pods-HelloReactNativeApp.debug.xcconfig"; path = "Target Support Files/Pods-HelloReactNativeApp/Pods-HelloReactNativeApp.debug.xcconfig"; sourceTree = "<group>"; };
		DFEDD0C606E7ECA1FFBBC5FF /* Pods-HelloReactNativeApp.release.xcconfig */ = {isa = PBXFileReference; includeInIndex = 1; lastKnownFileType = text.xcconfig; name = "Pods-HelloReactNativeApp.release.xcconfig"; path = "Target Support Files/Pods-HelloReactNativeApp/Pods-HelloReactNativeApp.release.xcconfig"; sourceTree = "<group>"; };
		EFEB4FA8231834A900785920 /* HelloReactNativeApp.app */ = {isa = PBXFileReference; explicitFileType = wrapper.application; includeInIndex = 0; path = HelloReactNativeApp.app; sourceTree = BUILT_PRODUCTS_DIR; };
		EFEB4FAB231834A900785920 /* AppDelegate.h */ = {isa = PBXFileReference; lastKnownFileType = sourcecode.c.h; path = AppDelegate.h; sourceTree = "<group>"; };
		EFEB4FAC231834A900785920 /* AppDelegate.m */ = {isa = PBXFileReference; lastKnownFileType = sourcecode.c.objc; path = AppDelegate.m; sourceTree = "<group>"; };
		EFEB4FAE231834A900785920 /* ViewController.h */ = {isa = PBXFileReference; lastKnownFileType = sourcecode.c.h; path = ViewController.h; sourceTree = "<group>"; };
		EFEB4FAF231834A900785920 /* ViewController.m */ = {isa = PBXFileReference; lastKnownFileType = sourcecode.c.objc; path = ViewController.m; sourceTree = "<group>"; };
		EFEB4FB2231834A900785920 /* Base */ = {isa = PBXFileReference; lastKnownFileType = file.storyboard; name = Base; path = Base.lproj/Main.storyboard; sourceTree = "<group>"; };
		EFEB4FB4231834AB00785920 /* Assets.xcassets */ = {isa = PBXFileReference; lastKnownFileType = folder.assetcatalog; path = Assets.xcassets; sourceTree = "<group>"; };
		EFEB4FB7231834AB00785920 /* Base */ = {isa = PBXFileReference; lastKnownFileType = file.storyboard; name = Base; path = Base.lproj/LaunchScreen.storyboard; sourceTree = "<group>"; };
		EFEB4FB9231834AB00785920 /* Info.plist */ = {isa = PBXFileReference; lastKnownFileType = text.plist.xml; path = Info.plist; sourceTree = "<group>"; };
		EFEB4FBA231834AB00785920 /* main.m */ = {isa = PBXFileReference; lastKnownFileType = sourcecode.c.objc; path = main.m; sourceTree = "<group>"; };
		EFEB4FC0231834AB00785920 /* HelloReactNativeAppTests.xctest */ = {isa = PBXFileReference; explicitFileType = wrapper.cfbundle; includeInIndex = 0; path = HelloReactNativeAppTests.xctest; sourceTree = BUILT_PRODUCTS_DIR; };
		EFEB4FC4231834AB00785920 /* HelloReactNativeAppTests.m */ = {isa = PBXFileReference; lastKnownFileType = sourcecode.c.objc; path = HelloReactNativeAppTests.m; sourceTree = "<group>"; };
		EFEB4FC6231834AB00785920 /* Info.plist */ = {isa = PBXFileReference; lastKnownFileType = text.plist.xml; path = Info.plist; sourceTree = "<group>"; };
		EFEB4FCB231834AB00785920 /* HelloReactNativeAppUITests.xctest */ = {isa = PBXFileReference; explicitFileType = wrapper.cfbundle; includeInIndex = 0; path = HelloReactNativeAppUITests.xctest; sourceTree = BUILT_PRODUCTS_DIR; };
		EFEB4FCF231834AB00785920 /* HelloReactNativeAppUITests.m */ = {isa = PBXFileReference; lastKnownFileType = sourcecode.c.objc; path = HelloReactNativeAppUITests.m; sourceTree = "<group>"; };
		EFEB4FD1231834AB00785920 /* Info.plist */ = {isa = PBXFileReference; lastKnownFileType = text.plist.xml; path = Info.plist; sourceTree = "<group>"; };
/* End PBXFileReference section */

/* Begin PBXFrameworksBuildPhase section */
		EFEB4FA5231834A900785920 /* Frameworks */ = {
			isa = PBXFrameworksBuildPhase;
			buildActionMask = 2147483647;
			files = (
				817C1070A7216B37CB427C1F /* libPods-HelloReactNativeApp.a in Frameworks */,
			);
			runOnlyForDeploymentPostprocessing = 0;
		};
		EFEB4FBD231834AB00785920 /* Frameworks */ = {
			isa = PBXFrameworksBuildPhase;
			buildActionMask = 2147483647;
			files = (
			);
			runOnlyForDeploymentPostprocessing = 0;
		};
		EFEB4FC8231834AB00785920 /* Frameworks */ = {
			isa = PBXFrameworksBuildPhase;
			buildActionMask = 2147483647;
			files = (
			);
			runOnlyForDeploymentPostprocessing = 0;
		};
/* End PBXFrameworksBuildPhase section */

/* Begin PBXGroup section */
		73D68CE867835588D8F555DF /* Pods */ = {
			isa = PBXGroup;
			children = (
				94C25E9E7C49C1253F3124E5 /* Pods-HelloReactNativeApp.debug.xcconfig */,
				DFEDD0C606E7ECA1FFBBC5FF /* Pods-HelloReactNativeApp.release.xcconfig */,
			);
			name = Pods;
			path = Pods;
			sourceTree = "<group>";
		};
		74926FB6022FA36197E03A95 /* Frameworks */ = {
			isa = PBXGroup;
			children = (
				2EBF8EC274399363F9C7C72D /* libPods-HelloReactNativeApp.a */,
			);
			name = Frameworks;
			sourceTree = "<group>";
		};
		EFEB4F9F231834A900785920 = {
			isa = PBXGroup;
			children = (
				EFEB4FAA231834A900785920 /* HelloReactNativeApp */,
				EFEB4FC3231834AB00785920 /* HelloReactNativeAppTests */,
				EFEB4FCE231834AB00785920 /* HelloReactNativeAppUITests */,
				EFEB4FA9231834A900785920 /* Products */,
				73D68CE867835588D8F555DF /* Pods */,
				74926FB6022FA36197E03A95 /* Frameworks */,
			);
			sourceTree = "<group>";
		};
		EFEB4FA9231834A900785920 /* Products */ = {
			isa = PBXGroup;
			children = (
				EFEB4FA8231834A900785920 /* HelloReactNativeApp.app */,
				EFEB4FC0231834AB00785920 /* HelloReactNativeAppTests.xctest */,
				EFEB4FCB231834AB00785920 /* HelloReactNativeAppUITests.xctest */,
			);
			name = Products;
			sourceTree = "<group>";
		};
		EFEB4FAA231834A900785920 /* HelloReactNativeApp */ = {
			isa = PBXGroup;
			children = (
				EFEB4FAB231834A900785920 /* AppDelegate.h */,
				EFEB4FAC231834A900785920 /* AppDelegate.m */,
				EFEB4FAE231834A900785920 /* ViewController.h */,
				EFEB4FAF231834A900785920 /* ViewController.m */,
				EFEB4FB1231834A900785920 /* Main.storyboard */,
				EFEB4FB4231834AB00785920 /* Assets.xcassets */,
				EFEB4FB6231834AB00785920 /* LaunchScreen.storyboard */,
				EFEB4FB9231834AB00785920 /* Info.plist */,
				EFEB4FBA231834AB00785920 /* main.m */,
			);
			path = HelloReactNativeApp;
			sourceTree = "<group>";
		};
		EFEB4FC3231834AB00785920 /* HelloReactNativeAppTests */ = {
			isa = PBXGroup;
			children = (
				EFEB4FC4231834AB00785920 /* HelloReactNativeAppTests.m */,
				EFEB4FC6231834AB00785920 /* Info.plist */,
			);
			path = HelloReactNativeAppTests;
			sourceTree = "<group>";
		};
		EFEB4FCE231834AB00785920 /* HelloReactNativeAppUITests */ = {
			isa = PBXGroup;
			children = (
				EFEB4FCF231834AB00785920 /* HelloReactNativeAppUITests.m */,
				EFEB4FD1231834AB00785920 /* Info.plist */,
			);
			path = HelloReactNativeAppUITests;
			sourceTree = "<group>";
		};
/* End PBXGroup section */

/* Begin PBXNativeTarget section */
		EFEB4FA7231834A900785920 /* HelloReactNativeApp */ = {
			isa = PBXNativeTarget;
			buildConfigurationList = EFEB4FD4231834AB00785920 /* Build configuration list for PBXNativeTarget "HelloReactNativeApp" */;
			buildPhases = (
				5342D47098B12223DB2D1552 /* [CP] Check Pods Manifest.lock */,
				EFEB4FA4231834A900785920 /* Sources */,
				EFEB4FA5231834A900785920 /* Frameworks */,
				EFEB4FA6231834A900785920 /* Resources */,
			);
			buildRules = (
			);
			dependencies = (
			);
			name = HelloReactNativeApp;
			productName = HelloReactNativeApp;
			productReference = EFEB4FA8231834A900785920 /* HelloReactNativeApp.app */;
			productType = "com.apple.product-type.application";
		};
		EFEB4FBF231834AB00785920 /* HelloReactNativeAppTests */ = {
			isa = PBXNativeTarget;
			buildConfigurationList = EFEB4FD7231834AB00785920 /* Build configuration list for PBXNativeTarget "HelloReactNativeAppTests" */;
			buildPhases = (
				EFEB4FBC231834AB00785920 /* Sources */,
				EFEB4FBD231834AB00785920 /* Frameworks */,
				EFEB4FBE231834AB00785920 /* Resources */,
			);
			buildRules = (
			);
			dependencies = (
				EFEB4FC2231834AB00785920 /* PBXTargetDependency */,
			);
			name = HelloReactNativeAppTests;
			productName = HelloReactNativeAppTests;
			productReference = EFEB4FC0231834AB00785920 /* HelloReactNativeAppTests.xctest */;
			productType = "com.apple.product-type.bundle.unit-test";
		};
		EFEB4FCA231834AB00785920 /* HelloReactNativeAppUITests */ = {
			isa = PBXNativeTarget;
			buildConfigurationList = EFEB4FDA231834AB00785920 /* Build configuration list for PBXNativeTarget "HelloReactNativeAppUITests" */;
			buildPhases = (
				EFEB4FC7231834AB00785920 /* Sources */,
				EFEB4FC8231834AB00785920 /* Frameworks */,
				EFEB4FC9231834AB00785920 /* Resources */,
			);
			buildRules = (
			);
			dependencies = (
				EFEB4FCD231834AB00785920 /* PBXTargetDependency */,
			);
			name = HelloReactNativeAppUITests;
			productName = HelloReactNativeAppUITests;
			productReference = EFEB4FCB231834AB00785920 /* HelloReactNativeAppUITests.xctest */;
			productType = "com.apple.product-type.bundle.ui-testing";
		};
/* End PBXNativeTarget section */

/* Begin PBXProject section */
		EFEB4FA0231834A900785920 /* Project object */ = {
			isa = PBXProject;
			attributes = {
				LastUpgradeCheck = 1010;
				ORGANIZATIONNAME = slowdony;
				TargetAttributes = {
					EFEB4FA7231834A900785920 = {
						CreatedOnToolsVersion = 10.1;
					};
					EFEB4FBF231834AB00785920 = {
						CreatedOnToolsVersion = 10.1;
						TestTargetID = EFEB4FA7231834A900785920;
					};
					EFEB4FCA231834AB00785920 = {
						CreatedOnToolsVersion = 10.1;
						TestTargetID = EFEB4FA7231834A900785920;
					};
				};
			};
			buildConfigurationList = EFEB4FA3231834A900785920 /* Build configuration list for PBXProject "HelloReactNativeApp" */;
			compatibilityVersion = "Xcode 9.3";
			developmentRegion = en;
			hasScannedForEncodings = 0;
			knownRegions = (
				en,
				Base,
			);
			mainGroup = EFEB4F9F231834A900785920;
			productRefGroup = EFEB4FA9231834A900785920 /* Products */;
			projectDirPath = "";
			projectRoot = "";
			targets = (
				EFEB4FA7231834A900785920 /* HelloReactNativeApp */,
				EFEB4FBF231834AB00785920 /* HelloReactNativeAppTests */,
				EFEB4FCA231834AB00785920 /* HelloReactNativeAppUITests */,
			);
		};
/* End PBXProject section */

/* Begin PBXResourcesBuildPhase section */
		EFEB4FA6231834A900785920 /* Resources */ = {
			isa = PBXResourcesBuildPhase;
			buildActionMask = 2147483647;
			files = (
				EFEB4FB8231834AB00785920 /* LaunchScreen.storyboard in Resources */,
				EFEB4FB5231834AB00785920 /* Assets.xcassets in Resources */,
				EFEB4FB3231834A900785920 /* Main.storyboard in Resources */,
			);
			runOnlyForDeploymentPostprocessing = 0;
		};
		EFEB4FBE231834AB00785920 /* Resources */ = {
			isa = PBXResourcesBuildPhase;
			buildActionMask = 2147483647;
			files = (
			);
			runOnlyForDeploymentPostprocessing = 0;
		};
		EFEB4FC9231834AB00785920 /* Resources */ = {
			isa = PBXResourcesBuildPhase;
			buildActionMask = 2147483647;
			files = (
			);
			runOnlyForDeploymentPostprocessing = 0;
		};
/* End PBXResourcesBuildPhase section */

/* Begin PBXShellScriptBuildPhase section */
		5342D47098B12223DB2D1552 /* [CP] Check Pods Manifest.lock */ = {
			isa = PBXShellScriptBuildPhase;
			buildActionMask = 2147483647;
			files = (
			);
			inputFileListPaths = (
			);
			inputPaths = (
				"${PODS_PODFILE_DIR_PATH}/Podfile.lock",
				"${PODS_ROOT}/Manifest.lock",
			);
			name = "[CP] Check Pods Manifest.lock";
			outputFileListPaths = (
			);
			outputPaths = (
				"$(DERIVED_FILE_DIR)/Pods-HelloReactNativeApp-checkManifestLockResult.txt",
			);
			runOnlyForDeploymentPostprocessing = 0;
			shellPath = /bin/sh;
			shellScript = "diff \"${PODS_PODFILE_DIR_PATH}/Podfile.lock\" \"${PODS_ROOT}/Manifest.lock\" > /dev/null\nif [ $? != 0 ] ; then\n    # print error to STDERR\n    echo \"error: The sandbox is not in sync with the Podfile.lock. Run 'pod install' or update your CocoaPods installation.\" >&2\n    exit 1\nfi\n# This output is used by Xcode 'outputs' to avoid re-running this script phase.\necho \"SUCCESS\" > \"${SCRIPT_OUTPUT_FILE_0}\"\n";
			showEnvVarsInLog = 0;
		};
/* End PBXShellScriptBuildPhase section */

/* Begin PBXSourcesBuildPhase section */
		EFEB4FA4231834A900785920 /* Sources */ = {
			isa = PBXSourcesBuildPhase;
			buildActionMask = 2147483647;
			files = (
				EFEB4FB0231834A900785920 /* ViewController.m in Sources */,
				EFEB4FBB231834AB00785920 /* main.m in Sources */,
				EFEB4FAD231834A900785920 /* AppDelegate.m in Sources */,
			);
			runOnlyForDeploymentPostprocessing = 0;
		};
		EFEB4FBC231834AB00785920 /* Sources */ = {
			isa = PBXSourcesBuildPhase;
			buildActionMask = 2147483647;
			files = (
				EFEB4FC5231834AB00785920 /* HelloReactNativeAppTests.m in Sources */,
			);
			runOnlyForDeploymentPostprocessing = 0;
		};
		EFEB4FC7231834AB00785920 /* Sources */ = {
			isa = PBXSourcesBuildPhase;
			buildActionMask = 2147483647;
			files = (
				EFEB4FD0231834AB00785920 /* HelloReactNativeAppUITests.m in Sources */,
			);
			runOnlyForDeploymentPostprocessing = 0;
		};
/* End PBXSourcesBuildPhase section */

/* Begin PBXTargetDependency section */
		EFEB4FC2231834AB00785920 /* PBXTargetDependency */ = {
			isa = PBXTargetDependency;
			target = EFEB4FA7231834A900785920 /* HelloReactNativeApp */;
			targetProxy = EFEB4FC1231834AB00785920 /* PBXContainerItemProxy */;
		};
		EFEB4FCD231834AB00785920 /* PBXTargetDependency */ = {
			isa = PBXTargetDependency;
			target = EFEB4FA7231834A900785920 /* HelloReactNativeApp */;
			targetProxy = EFEB4FCC231834AB00785920 /* PBXContainerItemProxy */;
		};
/* End PBXTargetDependency section */

/* Begin PBXVariantGroup section */
		EFEB4FB1231834A900785920 /* Main.storyboard */ = {
			isa = PBXVariantGroup;
			children = (
				EFEB4FB2231834A900785920 /* Base */,
			);
			name = Main.storyboard;
			sourceTree = "<group>";
		};
		EFEB4FB6231834AB00785920 /* LaunchScreen.storyboard */ = {
			isa = PBXVariantGroup;
			children = (
				EFEB4FB7231834AB00785920 /* Base */,
			);
			name = LaunchScreen.storyboard;
			sourceTree = "<group>";
		};
/* End PBXVariantGroup section */

/* Begin XCBuildConfiguration section */
		EFEB4FD2231834AB00785920 /* Debug */ = {
			isa = XCBuildConfiguration;
			buildSettings = {
				ALWAYS_SEARCH_USER_PATHS = NO;
				CLANG_ANALYZER_NONNULL = YES;
				CLANG_ANALYZER_NUMBER_OBJECT_CONVERSION = YES_AGGRESSIVE;
				CLANG_CXX_LANGUAGE_STANDARD = "gnu++14";
				CLANG_CXX_LIBRARY = "libc++";
				CLANG_ENABLE_MODULES = YES;
				CLANG_ENABLE_OBJC_ARC = YES;
				CLANG_ENABLE_OBJC_WEAK = YES;
				CLANG_WARN_BLOCK_CAPTURE_AUTORELEASING = YES;
				CLANG_WARN_BOOL_CONVERSION = YES;
				CLANG_WARN_COMMA = YES;
				CLANG_WARN_CONSTANT_CONVERSION = YES;
				CLANG_WARN_DEPRECATED_OBJC_IMPLEMENTATIONS = YES;
				CLANG_WARN_DIRECT_OBJC_ISA_USAGE = YES_ERROR;
				CLANG_WARN_DOCUMENTATION_COMMENTS = YES;
				CLANG_WARN_EMPTY_BODY = YES;
				CLANG_WARN_ENUM_CONVERSION = YES;
				CLANG_WARN_INFINITE_RECURSION = YES;
				CLANG_WARN_INT_CONVERSION = YES;
				CLANG_WARN_NON_LITERAL_NULL_CONVERSION = YES;
				CLANG_WARN_OBJC_IMPLICIT_RETAIN_SELF = YES;
				CLANG_WARN_OBJC_LITERAL_CONVERSION = YES;
				CLANG_WARN_OBJC_ROOT_CLASS = YES_ERROR;
				CLANG_WARN_RANGE_LOOP_ANALYSIS = YES;
				CLANG_WARN_STRICT_PROTOTYPES = YES;
				CLANG_WARN_SUSPICIOUS_MOVE = YES;
				CLANG_WARN_UNGUARDED_AVAILABILITY = YES_AGGRESSIVE;
				CLANG_WARN_UNREACHABLE_CODE = YES;
				CLANG_WARN__DUPLICATE_METHOD_MATCH = YES;
				CODE_SIGN_IDENTITY = "iPhone Developer";
				COPY_PHASE_STRIP = NO;
				DEBUG_INFORMATION_FORMAT = dwarf;
				ENABLE_STRICT_OBJC_MSGSEND = YES;
				ENABLE_TESTABILITY = YES;
				GCC_C_LANGUAGE_STANDARD = gnu11;
				GCC_DYNAMIC_NO_PIC = NO;
				GCC_NO_COMMON_BLOCKS = YES;
				GCC_OPTIMIZATION_LEVEL = 0;
				GCC_PREPROCESSOR_DEFINITIONS = (
					"DEBUG=1",
					"$(inherited)",
				);
				GCC_WARN_64_TO_32_BIT_CONVERSION = YES;
				GCC_WARN_ABOUT_RETURN_TYPE = YES_ERROR;
				GCC_WARN_UNDECLARED_SELECTOR = YES;
				GCC_WARN_UNINITIALIZED_AUTOS = YES_AGGRESSIVE;
				GCC_WARN_UNUSED_FUNCTION = YES;
				GCC_WARN_UNUSED_VARIABLE = YES;
				IPHONEOS_DEPLOYMENT_TARGET = 12.1;
				MTL_ENABLE_DEBUG_INFO = INCLUDE_SOURCE;
				MTL_FAST_MATH = YES;
				ONLY_ACTIVE_ARCH = YES;
				SDKROOT = iphoneos;
			};
			name = Debug;
		};
		EFEB4FD3231834AB00785920 /* Release */ = {
			isa = XCBuildConfiguration;
			buildSettings = {
				ALWAYS_SEARCH_USER_PATHS = NO;
				CLANG_ANALYZER_NONNULL = YES;
				CLANG_ANALYZER_NUMBER_OBJECT_CONVERSION = YES_AGGRESSIVE;
				CLANG_CXX_LANGUAGE_STANDARD = "gnu++14";
				CLANG_CXX_LIBRARY = "libc++";
				CLANG_ENABLE_MODULES = YES;
				CLANG_ENABLE_OBJC_ARC = YES;
				CLANG_ENABLE_OBJC_WEAK = YES;
				CLANG_WARN_BLOCK_CAPTURE_AUTORELEASING = YES;
				CLANG_WARN_BOOL_CONVERSION = YES;
				CLANG_WARN_COMMA = YES;
				CLANG_WARN_CONSTANT_CONVERSION = YES;
				CLANG_WARN_DEPRECATED_OBJC_IMPLEMENTATIONS = YES;
				CLANG_WARN_DIRECT_OBJC_ISA_USAGE = YES_ERROR;
				CLANG_WARN_DOCUMENTATION_COMMENTS = YES;
				CLANG_WARN_EMPTY_BODY = YES;
				CLANG_WARN_ENUM_CONVERSION = YES;
				CLANG_WARN_INFINITE_RECURSION = YES;
				CLANG_WARN_INT_CONVERSION = YES;
				CLANG_WARN_NON_LITERAL_NULL_CONVERSION = YES;
				CLANG_WARN_OBJC_IMPLICIT_RETAIN_SELF = YES;
				CLANG_WARN_OBJC_LITERAL_CONVERSION = YES;
				CLANG_WARN_OBJC_ROOT_CLASS = YES_ERROR;
				CLANG_WARN_RANGE_LOOP_ANALYSIS = YES;
				CLANG_WARN_STRICT_PROTOTYPES = YES;
				CLANG_WARN_SUSPICIOUS_MOVE = YES;
				CLANG_WARN_UNGUARDED_AVAILABILITY = YES_AGGRESSIVE;
				CLANG_WARN_UNREACHABLE_CODE = YES;
				CLANG_WARN__DUPLICATE_METHOD_MATCH = YES;
				CODE_SIGN_IDENTITY = "iPhone Developer";
				COPY_PHASE_STRIP = NO;
				DEBUG_INFORMATION_FORMAT = "dwarf-with-dsym";
				ENABLE_NS_ASSERTIONS = NO;
				ENABLE_STRICT_OBJC_MSGSEND = YES;
				GCC_C_LANGUAGE_STANDARD = gnu11;
				GCC_NO_COMMON_BLOCKS = YES;
				GCC_WARN_64_TO_32_BIT_CONVERSION = YES;
				GCC_WARN_ABOUT_RETURN_TYPE = YES_ERROR;
				GCC_WARN_UNDECLARED_SELECTOR = YES;
				GCC_WARN_UNINITIALIZED_AUTOS = YES_AGGRESSIVE;
				GCC_WARN_UNUSED_FUNCTION = YES;
				GCC_WARN_UNUSED_VARIABLE = YES;
				IPHONEOS_DEPLOYMENT_TARGET = 12.1;
				MTL_ENABLE_DEBUG_INFO = NO;
				MTL_FAST_MATH = YES;
				SDKROOT = iphoneos;
				VALIDATE_PRODUCT = YES;
			};
			name = Release;
		};
		EFEB4FD5231834AB00785920 /* Debug */ = {
			isa = XCBuildConfiguration;
			baseConfigurationReference = 94C25E9E7C49C1253F3124E5 /* Pods-HelloReactNativeApp.debug.xcconfig */;
			buildSettings = {
				ASSETCATALOG_COMPILER_APPICON_NAME = AppIcon;
				CODE_SIGN_STYLE = Automatic;
				INFOPLIST_FILE = HelloReactNativeApp/Info.plist;
				LD_RUNPATH_SEARCH_PATHS = (
					"$(inherited)",
					"@executable_path/Frameworks",
				);
				PRODUCT_BUNDLE_IDENTIFIER = slowdony.HelloReactNativeApp;
				PRODUCT_NAME = "$(TARGET_NAME)";
				TARGETED_DEVICE_FAMILY = "1,2";
			};
			name = Debug;
		};
		EFEB4FD6231834AB00785920 /* Release */ = {
			isa = XCBuildConfiguration;
			baseConfigurationReference = DFEDD0C606E7ECA1FFBBC5FF /* Pods-HelloReactNativeApp.release.xcconfig */;
			buildSettings = {
				ASSETCATALOG_COMPILER_APPICON_NAME = AppIcon;
				CODE_SIGN_STYLE = Automatic;
				INFOPLIST_FILE = HelloReactNativeApp/Info.plist;
				LD_RUNPATH_SEARCH_PATHS = (
					"$(inherited)",
					"@executable_path/Frameworks",
				);
				PRODUCT_BUNDLE_IDENTIFIER = slowdony.HelloReactNativeApp;
				PRODUCT_NAME = "$(TARGET_NAME)";
				TARGETED_DEVICE_FAMILY = "1,2";
			};
			name = Release;
		};
		EFEB4FD8231834AB00785920 /* Debug */ = {
			isa = XCBuildConfiguration;
			buildSettings = {
				BUNDLE_LOADER = "$(TEST_HOST)";
				CODE_SIGN_STYLE = Automatic;
				INFOPLIST_FILE = HelloReactNativeAppTests/Info.plist;
				LD_RUNPATH_SEARCH_PATHS = (
					"$(inherited)",
					"@executable_path/Frameworks",
					"@loader_path/Frameworks",
				);
				PRODUCT_BUNDLE_IDENTIFIER = slowdony.HelloReactNativeAppTests;
				PRODUCT_NAME = "$(TARGET_NAME)";
				TARGETED_DEVICE_FAMILY = "1,2";
				TEST_HOST = "$(BUILT_PRODUCTS_DIR)/HelloReactNativeApp.app/HelloReactNativeApp";
			};
			name = Debug;
		};
		EFEB4FD9231834AB00785920 /* Release */ = {
			isa = XCBuildConfiguration;
			buildSettings = {
				BUNDLE_LOADER = "$(TEST_HOST)";
				CODE_SIGN_STYLE = Automatic;
				INFOPLIST_FILE = HelloReactNativeAppTests/Info.plist;
				LD_RUNPATH_SEARCH_PATHS = (
					"$(inherited)",
					"@executable_path/Frameworks",
					"@loader_path/Frameworks",
				);
				PRODUCT_BUNDLE_IDENTIFIER = slowdony.HelloReactNativeAppTests;
				PRODUCT_NAME = "$(TARGET_NAME)";
				TARGETED_DEVICE_FAMILY = "1,2";
				TEST_HOST = "$(BUILT_PRODUCTS_DIR)/HelloReactNativeApp.app/HelloReactNativeApp";
			};
			name = Release;
		};
		EFEB4FDB231834AB00785920 /* Debug */ = {
			isa = XCBuildConfiguration;
			buildSettings = {
				CODE_SIGN_STYLE = Automatic;
				INFOPLIST_FILE = HelloReactNativeAppUITests/Info.plist;
				LD_RUNPATH_SEARCH_PATHS = (
					"$(inherited)",
					"@executable_path/Frameworks",
					"@loader_path/Frameworks",
				);
				PRODUCT_BUNDLE_IDENTIFIER = slowdony.HelloReactNativeAppUITests;
				PRODUCT_NAME = "$(TARGET_NAME)";
				TARGETED_DEVICE_FAMILY = "1,2";
				TEST_TARGET_NAME = HelloReactNativeApp;
			};
			name = Debug;
		};
		EFEB4FDC231834AB00785920 /* Release */ = {
			isa = XCBuildConfiguration;
			buildSettings = {
				CODE_SIGN_STYLE = Automatic;
				INFOPLIST_FILE = HelloReactNativeAppUITests/Info.plist;
				LD_RUNPATH_SEARCH_PATHS = (
					"$(inherited)",
					"@executable_path/Frameworks",
					"@loader_path/Frameworks",
				);
				PRODUCT_BUNDLE_IDENTIFIER = slowdony.HelloReactNativeAppUITests;
				PRODUCT_NAME = "$(TARGET_NAME)";
				TARGETED_DEVICE_FAMILY = "1,2";
				TEST_TARGET_NAME = HelloReactNativeApp;
			};
			name = Release;
		};
/* End XCBuildConfiguration section */

/* Begin XCConfigurationList section */
		EFEB4FA3231834A900785920 /* Build configuration list for PBXProject "HelloReactNativeApp" */ = {
			isa = XCConfigurationList;
			buildConfigurations = (
				EFEB4FD2231834AB00785920 /* Debug */,
				EFEB4FD3231834AB00785920 /* Release */,
			);
			defaultConfigurationIsVisible = 0;
			defaultConfigurationName = Release;
		};
		EFEB4FD4231834AB00785920 /* Build configuration list for PBXNativeTarget "HelloReactNativeApp" */ = {
			isa = XCConfigurationList;
			buildConfigurations = (
				EFEB4FD5231834AB00785920 /* Debug */,
				EFEB4FD6231834AB00785920 /* Release */,
			);
			defaultConfigurationIsVisible = 0;
			defaultConfigurationName = Release;
		};
		EFEB4FD7231834AB00785920 /* Build configuration list for PBXNativeTarget "HelloReactNativeAppTests" */ = {
			isa = XCConfigurationList;
			buildConfigurations = (
				EFEB4FD8231834AB00785920 /* Debug */,
				EFEB4FD9231834AB00785920 /* Release */,
			);
			defaultConfigurationIsVisible = 0;
			defaultConfigurationName = Release;
		};
		EFEB4FDA231834AB00785920 /* Build configuration list for PBXNativeTarget "HelloReactNativeAppUITests" */ = {
			isa = XCConfigurationList;
			buildConfigurations = (
				EFEB4FDB231834AB00785920 /* Debug */,
				EFEB4FDC231834AB00785920 /* Release */,
			);
			defaultConfigurationIsVisible = 0;
			defaultConfigurationName = Release;
		};
/* End XCConfigurationList section */
	};
	rootObject = EFEB4FA0231834A900785920 /* Project object */;
}
